
Microsoft Visual Studio Solution File, Format Version 12.00
# Visual Studio Version 17
VisualStudioVersion = 17.8.34316.72
MinimumVisualStudioVersion = 10.0.40219.1
Project("{9A19103F-16F7-4668-BE54-9A1E7A4F7556}") = "Plan", "Plan\Plan.csproj", "{AC474345-2D1E-4DF4-9A81-33E51B72C8DA}"
EndProject
Project("{6EC3EE1D-3C4E-46DD-8F32-0CC8E7565705}") = "Plan.Test", "Plan.Test\Plan.Test.fsproj", "{028E6E49-A546-4B6A-A992-D87912DE4708}"
EndProject
Global
	GlobalSection(SolutionConfigurationPlatforms) = preSolution
		Debug|Any CPU = Debug|Any CPU
		Release|Any CPU = Release|Any CPU
	EndGlobalSection
	GlobalSection(ProjectConfigurationPlatforms) = postSolution
		{AC474345-2D1E-4DF4-9A81-33E51B72C8DA}.Debug|Any CPU.ActiveCfg = Debug|Any CPU
		{AC474345-2D1E-4DF4-9A81-33E51B72C8DA}.Debug|Any CPU.Build.0 = Debug|Any CPU
		{AC474345-2D1E-4DF4-9A81-33E51B72C8DA}.Release|Any CPU.ActiveCfg = Release|Any CPU
		{AC474345-2D1E-4DF4-9A81-33E51B72C8DA}.Release|Any CPU.Build.0 = Release|Any CPU
		{028E6E49-A546-4B6A-A992-D87912DE4708}.Debug|Any CPU.ActiveCfg = Debug|Any CPU
		{028E6E49-A546-4B6A-A992-D87912DE4708}.Debug|Any CPU.Build.0 = Debug|Any CPU
		{028E6E49-A546-4B6A-A992-D87912DE4708}.Release|Any CPU.ActiveCfg = Release|Any CPU
		{028E6E49-A546-4B6A-A992-D87912DE4708}.Release|Any CPU.Build.0 = Release|Any CPU
	EndGlobalSection
	GlobalSection(SolutionProperties) = preSolution
		HideSolutionNode = FALSE
	EndGlobalSection
	GlobalSection(ExtensibilityGlobals) = postSolution
		SolutionGuid = {5DD25A13-2514-40E4-83E7-3A74EB067471}
	EndGlobalSection
EndGlobal
