
Microsoft Visual Studio Solution File, Format Version 12.00
# Visual Studio Version 17
VisualStudioVersion = 17.5.002.0
MinimumVisualStudioVersion = 10.0.40219.1
Project("{9A19103F-16F7-4668-BE54-9A1E7A4F7556}") = "Hiperspace.Sparx", "Hiperspace.Sparx.csproj", "{2BAFC0B6-110C-4658-B832-719ACAA15D83}"
EndProject
Project("{2150E333-8FDC-42A3-9474-1A3956D46DE8}") = "Solution Items", "Solution Items", "{02D6BFE7-D385-4B30-BBE0-FBBD72F2057D}"
	ProjectSection(SolutionItems) = preProject
		.editorconfig = .editorconfig
		.gitignore = .gitignore
	EndProjectSection
EndProject
Project("{6EC3EE1D-3C4E-46DD-8F32-0CC8E7565705}") = "util", "..\util\util.fsproj", "{0C8F4D52-1FBD-4E65-89C0-DEB9EFDE96A6}"
EndProject
Project("{6EC3EE1D-3C4E-46DD-8F32-0CC8E7565705}") = "benchmark", "..\benchmark\benchmark.fsproj", "{F52D7C9F-2224-472C-B537-F3397F7ACDAA}"
EndProject
Project("{9A19103F-16F7-4668-BE54-9A1E7A4F7556}") = "TOGAF", "..\TOGAF\TOGAF.csproj", "{F8FCB5F3-1857-4E6B-B3F8-6BA9767E6790}"
EndProject
Project("{9A19103F-16F7-4668-BE54-9A1E7A4F7556}") = "Hiperspace.Remote", "..\..\src\Hiperspace.Remote\Hiperspace.Remote.csproj", "{804E7E11-A891-41AE-A469-C7F5B7795975}"
EndProject
Global
	GlobalSection(SolutionConfigurationPlatforms) = preSolution
		Debug|Any CPU = Debug|Any CPU
		Release|Any CPU = Release|Any CPU
	EndGlobalSection
	GlobalSection(ProjectConfigurationPlatforms) = postSolution
		{2BAFC0B6-110C-4658-B832-719ACAA15D83}.Debug|Any CPU.ActiveCfg = Debug|Any CPU
		{2BAFC0B6-110C-4658-B832-719ACAA15D83}.Debug|Any CPU.Build.0 = Debug|Any CPU
		{2BAFC0B6-110C-4658-B832-719ACAA15D83}.Release|Any CPU.ActiveCfg = Release|Any CPU
		{2BAFC0B6-110C-4658-B832-719ACAA15D83}.Release|Any CPU.Build.0 = Release|Any CPU
		{0C8F4D52-1FBD-4E65-89C0-DEB9EFDE96A6}.Debug|Any CPU.ActiveCfg = Debug|Any CPU
		{0C8F4D52-1FBD-4E65-89C0-DEB9EFDE96A6}.Debug|Any CPU.Build.0 = Debug|Any CPU
		{0C8F4D52-1FBD-4E65-89C0-DEB9EFDE96A6}.Release|Any CPU.ActiveCfg = Release|Any CPU
		{0C8F4D52-1FBD-4E65-89C0-DEB9EFDE96A6}.Release|Any CPU.Build.0 = Release|Any CPU
		{F52D7C9F-2224-472C-B537-F3397F7ACDAA}.Debug|Any CPU.ActiveCfg = Debug|Any CPU
		{F52D7C9F-2224-472C-B537-F3397F7ACDAA}.Debug|Any CPU.Build.0 = Debug|Any CPU
		{F52D7C9F-2224-472C-B537-F3397F7ACDAA}.Release|Any CPU.ActiveCfg = Release|Any CPU
		{F52D7C9F-2224-472C-B537-F3397F7ACDAA}.Release|Any CPU.Build.0 = Release|Any CPU
		{F8FCB5F3-1857-4E6B-B3F8-6BA9767E6790}.Debug|Any CPU.ActiveCfg = Debug|Any CPU
		{F8FCB5F3-1857-4E6B-B3F8-6BA9767E6790}.Debug|Any CPU.Build.0 = Debug|Any CPU
		{F8FCB5F3-1857-4E6B-B3F8-6BA9767E6790}.Release|Any CPU.ActiveCfg = Release|Any CPU
		{F8FCB5F3-1857-4E6B-B3F8-6BA9767E6790}.Release|Any CPU.Build.0 = Release|Any CPU
		{804E7E11-A891-41AE-A469-C7F5B7795975}.Debug|Any CPU.ActiveCfg = Debug|Any CPU
		{804E7E11-A891-41AE-A469-C7F5B7795975}.Debug|Any CPU.Build.0 = Debug|Any CPU
		{804E7E11-A891-41AE-A469-C7F5B7795975}.Release|Any CPU.ActiveCfg = Release|Any CPU
		{804E7E11-A891-41AE-A469-C7F5B7795975}.Release|Any CPU.Build.0 = Release|Any CPU
	EndGlobalSection
	GlobalSection(SolutionProperties) = preSolution
		HideSolutionNode = FALSE
	EndGlobalSection
	GlobalSection(ExtensibilityGlobals) = postSolution
		SolutionGuid = {9F197C85-B50D-4976-B5CF-27A0FBB5023F}
	EndGlobalSection
EndGlobal
