
Microsoft Visual Studio Solution File, Format Version 12.00
# Visual Studio Version 17
VisualStudioVersion = 17.5.002.0
MinimumVisualStudioVersion = 10.0.40219.1
Project("{9A19103F-16F7-4668-BE54-9A1E7A4F7556}") = "Hiperspace.Sparx", "Hiperspace.Sparx.csproj", "{2BAFC0B6-110C-4658-B832-719ACAA15D83}"
EndProject
Project("{2150E333-8FDC-42A3-9474-1A3956D46DE8}") = "Solution Items", "Solution Items", "{02D6BFE7-D385-4B30-BBE0-FBBD72F2057D}"
	ProjectSection(SolutionItems) = preProject
		.editorconfig = .editorconfig
		.gitignore = .gitignore
	EndProjectSection
EndProject
Project("{6EC3EE1D-3C4E-46DD-8F32-0CC8E7565705}") = "util", "..\util\util.fsproj", "{0C8F4D52-1FBD-4E65-89C0-DEB9EFDE96A6}"
EndProject
Project("{6EC3EE1D-3C4E-46DD-8F32-0CC8E7565705}") = "benchmark", "..\benchmark\benchmark.fsproj", "{F52D7C9F-2224-472C-B537-F3397F7ACDAA}"
EndProject
Project("{9A19103F-16F7-4668-BE54-9A1E7A4F7556}") = "TOGAF", "..\TOGAF\TOGAF.csproj", "{F8FCB5F3-1857-4E6B-B3F8-6BA9767E6790}"
EndProject
Project("{9A19103F-16F7-4668-BE54-9A1E7A4F7556}") = "Location", "..\Location\Location.csproj", "{21E4044C-0B47-4118-B325-7BA040E5C121}"
EndProject
Project("{6EC3EE1D-3C4E-46DD-8F32-0CC8E7565705}") = "Location.Test", "..\Location.Test\Location.Test.fsproj", "{2E597DA2-D30D-4B90-BA5A-B73A72BE8C95}"
EndProject
Project("{9A19103F-16F7-4668-BE54-9A1E7A4F7556}") = "Plan", "..\Plan\Plan\Plan.csproj", "{D244E204-253A-4B7C-A0D6-242822461CF1}"
EndProject
Project("{6EC3EE1D-3C4E-46DD-8F32-0CC8E7565705}") = "Plan.Test", "..\Plan\Plan.Test\Plan.Test.fsproj", "{1AC165A6-EA36-4C1D-AE7D-5323AF69BB8F}"
EndProject
Project("{9A19103F-16F7-4668-BE54-9A1E7A4F7556}") = "Hiperspace.Remote", "..\..\src\Hiperspace.Remote\Hiperspace.Remote.csproj", "{A43E1FDE-B079-450A-822B-E476F6C74D92}"
EndProject
Project("{9A19103F-16F7-4668-BE54-9A1E7A4F7556}") = "Hiperspace.RBAC", "..\Hiperspace.RBAC\Hiperspace.RBAC.csproj", "{0F40EAE3-1802-4E87-8CDE-2CB6B46CDEFA}"
EndProject
Project("{6EC3EE1D-3C4E-46DD-8F32-0CC8E7565705}") = "Hiperspace.RBAC.Test", "..\Hiperspace.RBAC.Test\Hiperspace.RBAC.Test.fsproj", "{0F0B98EE-12A0-4AAE-9ED1-3A88541CFE0B}"
EndProject
Project("{9A19103F-16F7-4668-BE54-9A1E7A4F7556}") = "SQLServerGraphSample", "..\SQLServerGraphSample\SQLServerGraphSample.csproj", "{966D0E6C-6644-4A83-A2FE-23764747BCF6}"
EndProject
Project("{9A19103F-16F7-4668-BE54-9A1E7A4F7556}") = "Hiperspace", "..\..\src\Hiperspace\Hiperspace.csproj", "{33B02D36-56C7-47EA-BD86-7D5403121124}"
EndProject
Global
	GlobalSection(SolutionConfigurationPlatforms) = preSolution
		Debug|Any CPU = Debug|Any CPU
		Release|Any CPU = Release|Any CPU
	EndGlobalSection
	GlobalSection(ProjectConfigurationPlatforms) = postSolution
		{2BAFC0B6-110C-4658-B832-719ACAA15D83}.Debug|Any CPU.ActiveCfg = Debug|Any CPU
		{2BAFC0B6-110C-4658-B832-719ACAA15D83}.Debug|Any CPU.Build.0 = Debug|Any CPU
		{2BAFC0B6-110C-4658-B832-719ACAA15D83}.Release|Any CPU.ActiveCfg = Release|Any CPU
		{2BAFC0B6-110C-4658-B832-719ACAA15D83}.Release|Any CPU.Build.0 = Release|Any CPU
		{0C8F4D52-1FBD-4E65-89C0-DEB9EFDE96A6}.Debug|Any CPU.ActiveCfg = Debug|Any CPU
		{0C8F4D52-1FBD-4E65-89C0-DEB9EFDE96A6}.Debug|Any CPU.Build.0 = Debug|Any CPU
		{0C8F4D52-1FBD-4E65-89C0-DEB9EFDE96A6}.Release|Any CPU.ActiveCfg = Release|Any CPU
		{0C8F4D52-1FBD-4E65-89C0-DEB9EFDE96A6}.Release|Any CPU.Build.0 = Release|Any CPU
		{F52D7C9F-2224-472C-B537-F3397F7ACDAA}.Debug|Any CPU.ActiveCfg = Debug|Any CPU
		{F52D7C9F-2224-472C-B537-F3397F7ACDAA}.Debug|Any CPU.Build.0 = Debug|Any CPU
		{F52D7C9F-2224-472C-B537-F3397F7ACDAA}.Release|Any CPU.ActiveCfg = Release|Any CPU
		{F52D7C9F-2224-472C-B537-F3397F7ACDAA}.Release|Any CPU.Build.0 = Release|Any CPU
		{F8FCB5F3-1857-4E6B-B3F8-6BA9767E6790}.Debug|Any CPU.ActiveCfg = Debug|Any CPU
		{F8FCB5F3-1857-4E6B-B3F8-6BA9767E6790}.Debug|Any CPU.Build.0 = Debug|Any CPU
		{F8FCB5F3-1857-4E6B-B3F8-6BA9767E6790}.Release|Any CPU.ActiveCfg = Release|Any CPU
		{F8FCB5F3-1857-4E6B-B3F8-6BA9767E6790}.Release|Any CPU.Build.0 = Release|Any CPU
		{21E4044C-0B47-4118-B325-7BA040E5C121}.Debug|Any CPU.ActiveCfg = Debug|Any CPU
		{21E4044C-0B47-4118-B325-7BA040E5C121}.Debug|Any CPU.Build.0 = Debug|Any CPU
		{21E4044C-0B47-4118-B325-7BA040E5C121}.Release|Any CPU.ActiveCfg = Release|Any CPU
		{21E4044C-0B47-4118-B325-7BA040E5C121}.Release|Any CPU.Build.0 = Release|Any CPU
		{2E597DA2-D30D-4B90-BA5A-B73A72BE8C95}.Debug|Any CPU.ActiveCfg = Debug|Any CPU
		{2E597DA2-D30D-4B90-BA5A-B73A72BE8C95}.Debug|Any CPU.Build.0 = Debug|Any CPU
		{2E597DA2-D30D-4B90-BA5A-B73A72BE8C95}.Release|Any CPU.ActiveCfg = Release|Any CPU
		{2E597DA2-D30D-4B90-BA5A-B73A72BE8C95}.Release|Any CPU.Build.0 = Release|Any CPU
		{D244E204-253A-4B7C-A0D6-242822461CF1}.Debug|Any CPU.ActiveCfg = Debug|Any CPU
		{D244E204-253A-4B7C-A0D6-242822461CF1}.Debug|Any CPU.Build.0 = Debug|Any CPU
		{D244E204-253A-4B7C-A0D6-242822461CF1}.Release|Any CPU.ActiveCfg = Release|Any CPU
		{D244E204-253A-4B7C-A0D6-242822461CF1}.Release|Any CPU.Build.0 = Release|Any CPU
		{1AC165A6-EA36-4C1D-AE7D-5323AF69BB8F}.Debug|Any CPU.ActiveCfg = Debug|Any CPU
		{1AC165A6-EA36-4C1D-AE7D-5323AF69BB8F}.Debug|Any CPU.Build.0 = Debug|Any CPU
		{1AC165A6-EA36-4C1D-AE7D-5323AF69BB8F}.Release|Any CPU.ActiveCfg = Release|Any CPU
		{1AC165A6-EA36-4C1D-AE7D-5323AF69BB8F}.Release|Any CPU.Build.0 = Release|Any CPU
		{A43E1FDE-B079-450A-822B-E476F6C74D92}.Debug|Any CPU.ActiveCfg = Debug|Any CPU
		{A43E1FDE-B079-450A-822B-E476F6C74D92}.Debug|Any CPU.Build.0 = Debug|Any CPU
		{A43E1FDE-B079-450A-822B-E476F6C74D92}.Release|Any CPU.ActiveCfg = Release|Any CPU
		{A43E1FDE-B079-450A-822B-E476F6C74D92}.Release|Any CPU.Build.0 = Release|Any CPU
		{0F40EAE3-1802-4E87-8CDE-2CB6B46CDEFA}.Debug|Any CPU.ActiveCfg = Debug|Any CPU
		{0F40EAE3-1802-4E87-8CDE-2CB6B46CDEFA}.Debug|Any CPU.Build.0 = Debug|Any CPU
		{0F40EAE3-1802-4E87-8CDE-2CB6B46CDEFA}.Release|Any CPU.ActiveCfg = Release|Any CPU
		{0F40EAE3-1802-4E87-8CDE-2CB6B46CDEFA}.Release|Any CPU.Build.0 = Release|Any CPU
		{0F0B98EE-12A0-4AAE-9ED1-3A88541CFE0B}.Debug|Any CPU.ActiveCfg = Debug|Any CPU
		{0F0B98EE-12A0-4AAE-9ED1-3A88541CFE0B}.Debug|Any CPU.Build.0 = Debug|Any CPU
		{0F0B98EE-12A0-4AAE-9ED1-3A88541CFE0B}.Release|Any CPU.ActiveCfg = Release|Any CPU
		{0F0B98EE-12A0-4AAE-9ED1-3A88541CFE0B}.Release|Any CPU.Build.0 = Release|Any CPU
		{966D0E6C-6644-4A83-A2FE-23764747BCF6}.Debug|Any CPU.ActiveCfg = Debug|Any CPU
		{966D0E6C-6644-4A83-A2FE-23764747BCF6}.Debug|Any CPU.Build.0 = Debug|Any CPU
		{966D0E6C-6644-4A83-A2FE-23764747BCF6}.Release|Any CPU.ActiveCfg = Release|Any CPU
		{966D0E6C-6644-4A83-A2FE-23764747BCF6}.Release|Any CPU.Build.0 = Release|Any CPU
		{33B02D36-56C7-47EA-BD86-7D5403121124}.Debug|Any CPU.ActiveCfg = Debug|Any CPU
		{33B02D36-56C7-47EA-BD86-7D5403121124}.Debug|Any CPU.Build.0 = Debug|Any CPU
		{33B02D36-56C7-47EA-BD86-7D5403121124}.Release|Any CPU.ActiveCfg = Release|Any CPU
		{33B02D36-56C7-47EA-BD86-7D5403121124}.Release|Any CPU.Build.0 = Release|Any CPU
	EndGlobalSection
	GlobalSection(SolutionProperties) = preSolution
		HideSolutionNode = FALSE
	EndGlobalSection
	GlobalSection(NestedProjects) = preSolution
		{2E597DA2-D30D-4B90-BA5A-B73A72BE8C95} = {02D6BFE7-D385-4B30-BBE0-FBBD72F2057D}
		{1AC165A6-EA36-4C1D-AE7D-5323AF69BB8F} = {02D6BFE7-D385-4B30-BBE0-FBBD72F2057D}
		{0F0B98EE-12A0-4AAE-9ED1-3A88541CFE0B} = {02D6BFE7-D385-4B30-BBE0-FBBD72F2057D}
	EndGlobalSection
	GlobalSection(ExtensibilityGlobals) = postSolution
		SolutionGuid = {9F197C85-B50D-4976-B5CF-27A0FBB5023F}
	EndGlobalSection
EndGlobal
