
Microsoft Visual Studio Solution File, Format Version 12.00
# Visual Studio Version 18
VisualStudioVersion = 18.0.11205.157
MinimumVisualStudioVersion = 10.0.40219.1
Project("{2150E333-8FDC-42A3-9474-1A3956D46DE8}") = "Solution Items", "Solution Items", "{02D6BFE7-D385-4B30-BBE0-FBBD72F2057D}"
	ProjectSection(SolutionItems) = preProject
		.editorconfig = .editorconfig
		.gitignore = .gitignore
		Directory.Packages.props = Directory.Packages.props
	EndProjectSection
EndProject
Project("{6EC3EE1D-3C4E-46DD-8F32-0CC8E7565705}") = "util", "util\util.fsproj", "{0C8F4D52-1FBD-4E65-89C0-DEB9EFDE96A6}"
EndProject
Project("{6EC3EE1D-3C4E-46DD-8F32-0CC8E7565705}") = "benchmark", "benchmark\benchmark.fsproj", "{F52D7C9F-2224-472C-B537-F3397F7ACDAA}"
EndProject
Project("{9A19103F-16F7-4668-BE54-9A1E7A4F7556}") = "TOGAF", "TOGAF\TOGAF.csproj", "{F8FCB5F3-1857-4E6B-B3F8-6BA9767E6790}"
EndProject
Project("{9A19103F-16F7-4668-BE54-9A1E7A4F7556}") = "Location", "Location\Location.csproj", "{21E4044C-0B47-4118-B325-7BA040E5C121}"
EndProject
Project("{6EC3EE1D-3C4E-46DD-8F32-0CC8E7565705}") = "Location.Test", "Location.Test\Location.Test.fsproj", "{2E597DA2-D30D-4B90-BA5A-B73A72BE8C95}"
EndProject
Project("{9A19103F-16F7-4668-BE54-9A1E7A4F7556}") = "Plan", "Plan\Plan\Plan.csproj", "{D244E204-253A-4B7C-A0D6-242822461CF1}"
EndProject
Project("{6EC3EE1D-3C4E-46DD-8F32-0CC8E7565705}") = "Plan.Test", "Plan\Plan.Test\Plan.Test.fsproj", "{1AC165A6-EA36-4C1D-AE7D-5323AF69BB8F}"
EndProject
Project("{9A19103F-16F7-4668-BE54-9A1E7A4F7556}") = "Hiperspace.RBAC", "Hiperspace.RBAC\Hiperspace.RBAC.csproj", "{0F40EAE3-1802-4E87-8CDE-2CB6B46CDEFA}"
EndProject
Project("{6EC3EE1D-3C4E-46DD-8F32-0CC8E7565705}") = "Hiperspace.RBAC.Test", "Hiperspace.RBAC.Test\Hiperspace.RBAC.Test.fsproj", "{0F0B98EE-12A0-4AAE-9ED1-3A88541CFE0B}"
EndProject
Project("{9A19103F-16F7-4668-BE54-9A1E7A4F7556}") = "SQLServerGraphSample", "SQLServerGraphSample\SQLServerGraphSample.csproj", "{966D0E6C-6644-4A83-A2FE-23764747BCF6}"
EndProject
Project("{9A19103F-16F7-4668-BE54-9A1E7A4F7556}") = "Account", "Account\Account.csproj", "{9AB76342-2366-46A3-BDA3-F295A1C68729}"
EndProject
Project("{6EC3EE1D-3C4E-46DD-8F32-0CC8E7565705}") = "Account.Test", "Account.Test\Account.Test.fsproj", "{81FEC835-A378-4922-B60D-A2372A72EE41}"
EndProject
Project("{9A19103F-16F7-4668-BE54-9A1E7A4F7556}") = "QL", "QL\QL.csproj", "{7BD7FE82-3A82-41B2-8876-13ED2CC02640}"
EndProject
Project("{9A19103F-16F7-4668-BE54-9A1E7A4F7556}") = "CousinProblem", "CousinProblem\CousinProblem.csproj", "{51640DB9-D291-4882-8E42-725A17FBEC58}"
EndProject
Project("{9A19103F-16F7-4668-BE54-9A1E7A4F7556}") = "Invoice", "Invoice\Invoice.csproj", "{482EDAC8-7927-49BE-93A5-D9156547FE98}"
EndProject
Project("{FAE04EC0-301F-11D3-BF4B-00C04F79EFBC}") = "Hiperspace.Sparx", "Hiperspace.Sparx\Hiperspace.Sparx.csproj", "{823F7B45-5840-4428-A9A1-809FB45AF81A}"
EndProject
Project("{FAE04EC0-301F-11D3-BF4B-00C04F79EFBC}") = "Cube", "Cube\Cube.csproj", "{1307DC4F-475A-4104-9115-417460D5EF74}"
EndProject
Project("{FAE04EC0-301F-11D3-BF4B-00C04F79EFBC}") = "SocialMedia", "SocialMedia\SocialMedia.csproj", "{331BF4A4-49E6-412D-8401-4350BE0E659B}"
EndProject
Project("{FAE04EC0-301F-11D3-BF4B-00C04F79EFBC}") = "QLNative", "QLNative\QLNative.csproj", "{A7C96775-4F75-7727-3423-146BB3BE21D9}"
EndProject
Project("{FAE04EC0-301F-11D3-BF4B-00C04F79EFBC}") = "OpenRiskEngine", "OpenRiskEngine\OpenRiskEngine.csproj", "{FE8B0E02-F83D-4B98-8495-B81D12988CAB}"
EndProject
Project("{FAE04EC0-301F-11D3-BF4B-00C04F79EFBC}") = "CodePath", "CodePath\CodePath.csproj", "{FF61BD4E-1C82-47EA-953C-DA576F6D3DF8}"
EndProject
Project("{FAE04EC0-301F-11D3-BF4B-00C04F79EFBC}") = "CodePath.Test", "CodePath.Test\CodePath.Test.csproj", "{AB035A9C-8DE3-4B26-A889-9C9717A9E8F9}"
EndProject
Project("{FAE04EC0-301F-11D3-BF4B-00C04F79EFBC}") = "Hiperspace.Heap", "..\src\Hiperspace.Heap\Hiperspace.Heap.csproj", "{11B2B207-FE33-4EFF-10A5-40D27BE7A5C0}"
EndProject
Project("{FAE04EC0-301F-11D3-BF4B-00C04F79EFBC}") = "Hiperspace.Rocks", "..\src\Hiperspace.Rocks\Hiperspace.Rocks.csproj", "{08D09032-DFDD-CFDB-004D-5F86161B2265}"
EndProject
Global
	GlobalSection(SolutionConfigurationPlatforms) = preSolution
		Debug|Any CPU = Debug|Any CPU
		Release|Any CPU = Release|Any CPU
	EndGlobalSection
	GlobalSection(ProjectConfigurationPlatforms) = postSolution
		{0C8F4D52-1FBD-4E65-89C0-DEB9EFDE96A6}.Debug|Any CPU.ActiveCfg = Debug|Any CPU
		{0C8F4D52-1FBD-4E65-89C0-DEB9EFDE96A6}.Debug|Any CPU.Build.0 = Debug|Any CPU
		{0C8F4D52-1FBD-4E65-89C0-DEB9EFDE96A6}.Release|Any CPU.ActiveCfg = Release|Any CPU
		{0C8F4D52-1FBD-4E65-89C0-DEB9EFDE96A6}.Release|Any CPU.Build.0 = Release|Any CPU
		{F52D7C9F-2224-472C-B537-F3397F7ACDAA}.Debug|Any CPU.ActiveCfg = Debug|Any CPU
		{F52D7C9F-2224-472C-B537-F3397F7ACDAA}.Debug|Any CPU.Build.0 = Debug|Any CPU
		{F52D7C9F-2224-472C-B537-F3397F7ACDAA}.Release|Any CPU.ActiveCfg = Release|Any CPU
		{F52D7C9F-2224-472C-B537-F3397F7ACDAA}.Release|Any CPU.Build.0 = Release|Any CPU
		{F8FCB5F3-1857-4E6B-B3F8-6BA9767E6790}.Debug|Any CPU.ActiveCfg = Debug|Any CPU
		{F8FCB5F3-1857-4E6B-B3F8-6BA9767E6790}.Debug|Any CPU.Build.0 = Debug|Any CPU
		{F8FCB5F3-1857-4E6B-B3F8-6BA9767E6790}.Release|Any CPU.ActiveCfg = Release|Any CPU
		{F8FCB5F3-1857-4E6B-B3F8-6BA9767E6790}.Release|Any CPU.Build.0 = Release|Any CPU
		{21E4044C-0B47-4118-B325-7BA040E5C121}.Debug|Any CPU.ActiveCfg = Debug|Any CPU
		{21E4044C-0B47-4118-B325-7BA040E5C121}.Debug|Any CPU.Build.0 = Debug|Any CPU
		{21E4044C-0B47-4118-B325-7BA040E5C121}.Release|Any CPU.ActiveCfg = Release|Any CPU
		{21E4044C-0B47-4118-B325-7BA040E5C121}.Release|Any CPU.Build.0 = Release|Any CPU
		{2E597DA2-D30D-4B90-BA5A-B73A72BE8C95}.Debug|Any CPU.ActiveCfg = Debug|Any CPU
		{2E597DA2-D30D-4B90-BA5A-B73A72BE8C95}.Debug|Any CPU.Build.0 = Debug|Any CPU
		{2E597DA2-D30D-4B90-BA5A-B73A72BE8C95}.Release|Any CPU.ActiveCfg = Release|Any CPU
		{2E597DA2-D30D-4B90-BA5A-B73A72BE8C95}.Release|Any CPU.Build.0 = Release|Any CPU
		{D244E204-253A-4B7C-A0D6-242822461CF1}.Debug|Any CPU.ActiveCfg = Debug|Any CPU
		{D244E204-253A-4B7C-A0D6-242822461CF1}.Debug|Any CPU.Build.0 = Debug|Any CPU
		{D244E204-253A-4B7C-A0D6-242822461CF1}.Release|Any CPU.ActiveCfg = Release|Any CPU
		{D244E204-253A-4B7C-A0D6-242822461CF1}.Release|Any CPU.Build.0 = Release|Any CPU
		{1AC165A6-EA36-4C1D-AE7D-5323AF69BB8F}.Debug|Any CPU.ActiveCfg = Debug|Any CPU
		{1AC165A6-EA36-4C1D-AE7D-5323AF69BB8F}.Debug|Any CPU.Build.0 = Debug|Any CPU
		{1AC165A6-EA36-4C1D-AE7D-5323AF69BB8F}.Release|Any CPU.ActiveCfg = Release|Any CPU
		{1AC165A6-EA36-4C1D-AE7D-5323AF69BB8F}.Release|Any CPU.Build.0 = Release|Any CPU
		{0F40EAE3-1802-4E87-8CDE-2CB6B46CDEFA}.Debug|Any CPU.ActiveCfg = Debug|Any CPU
		{0F40EAE3-1802-4E87-8CDE-2CB6B46CDEFA}.Debug|Any CPU.Build.0 = Debug|Any CPU
		{0F40EAE3-1802-4E87-8CDE-2CB6B46CDEFA}.Release|Any CPU.ActiveCfg = Release|Any CPU
		{0F40EAE3-1802-4E87-8CDE-2CB6B46CDEFA}.Release|Any CPU.Build.0 = Release|Any CPU
		{0F0B98EE-12A0-4AAE-9ED1-3A88541CFE0B}.Debug|Any CPU.ActiveCfg = Debug|Any CPU
		{0F0B98EE-12A0-4AAE-9ED1-3A88541CFE0B}.Debug|Any CPU.Build.0 = Debug|Any CPU
		{0F0B98EE-12A0-4AAE-9ED1-3A88541CFE0B}.Release|Any CPU.ActiveCfg = Release|Any CPU
		{0F0B98EE-12A0-4AAE-9ED1-3A88541CFE0B}.Release|Any CPU.Build.0 = Release|Any CPU
		{966D0E6C-6644-4A83-A2FE-23764747BCF6}.Debug|Any CPU.ActiveCfg = Debug|Any CPU
		{966D0E6C-6644-4A83-A2FE-23764747BCF6}.Debug|Any CPU.Build.0 = Debug|Any CPU
		{966D0E6C-6644-4A83-A2FE-23764747BCF6}.Release|Any CPU.ActiveCfg = Release|Any CPU
		{966D0E6C-6644-4A83-A2FE-23764747BCF6}.Release|Any CPU.Build.0 = Release|Any CPU
		{9AB76342-2366-46A3-BDA3-F295A1C68729}.Debug|Any CPU.ActiveCfg = Debug|Any CPU
		{9AB76342-2366-46A3-BDA3-F295A1C68729}.Debug|Any CPU.Build.0 = Debug|Any CPU
		{9AB76342-2366-46A3-BDA3-F295A1C68729}.Release|Any CPU.ActiveCfg = Release|Any CPU
		{9AB76342-2366-46A3-BDA3-F295A1C68729}.Release|Any CPU.Build.0 = Release|Any CPU
		{81FEC835-A378-4922-B60D-A2372A72EE41}.Debug|Any CPU.ActiveCfg = Debug|Any CPU
		{81FEC835-A378-4922-B60D-A2372A72EE41}.Debug|Any CPU.Build.0 = Debug|Any CPU
		{81FEC835-A378-4922-B60D-A2372A72EE41}.Release|Any CPU.ActiveCfg = Release|Any CPU
		{81FEC835-A378-4922-B60D-A2372A72EE41}.Release|Any CPU.Build.0 = Release|Any CPU
		{7BD7FE82-3A82-41B2-8876-13ED2CC02640}.Debug|Any CPU.ActiveCfg = Debug|Any CPU
		{7BD7FE82-3A82-41B2-8876-13ED2CC02640}.Debug|Any CPU.Build.0 = Debug|Any CPU
		{7BD7FE82-3A82-41B2-8876-13ED2CC02640}.Release|Any CPU.ActiveCfg = Release|Any CPU
		{7BD7FE82-3A82-41B2-8876-13ED2CC02640}.Release|Any CPU.Build.0 = Release|Any CPU
		{51640DB9-D291-4882-8E42-725A17FBEC58}.Debug|Any CPU.ActiveCfg = Debug|Any CPU
		{51640DB9-D291-4882-8E42-725A17FBEC58}.Debug|Any CPU.Build.0 = Debug|Any CPU
		{51640DB9-D291-4882-8E42-725A17FBEC58}.Release|Any CPU.ActiveCfg = Release|Any CPU
		{51640DB9-D291-4882-8E42-725A17FBEC58}.Release|Any CPU.Build.0 = Release|Any CPU
		{482EDAC8-7927-49BE-93A5-D9156547FE98}.Debug|Any CPU.ActiveCfg = Debug|Any CPU
		{482EDAC8-7927-49BE-93A5-D9156547FE98}.Debug|Any CPU.Build.0 = Debug|Any CPU
		{482EDAC8-7927-49BE-93A5-D9156547FE98}.Release|Any CPU.ActiveCfg = Release|Any CPU
		{482EDAC8-7927-49BE-93A5-D9156547FE98}.Release|Any CPU.Build.0 = Release|Any CPU
		{823F7B45-5840-4428-A9A1-809FB45AF81A}.Debug|Any CPU.ActiveCfg = Debug|Any CPU
		{823F7B45-5840-4428-A9A1-809FB45AF81A}.Debug|Any CPU.Build.0 = Debug|Any CPU
		{823F7B45-5840-4428-A9A1-809FB45AF81A}.Release|Any CPU.ActiveCfg = Release|Any CPU
		{823F7B45-5840-4428-A9A1-809FB45AF81A}.Release|Any CPU.Build.0 = Release|Any CPU
		{1307DC4F-475A-4104-9115-417460D5EF74}.Debug|Any CPU.ActiveCfg = Debug|Any CPU
		{1307DC4F-475A-4104-9115-417460D5EF74}.Debug|Any CPU.Build.0 = Debug|Any CPU
		{1307DC4F-475A-4104-9115-417460D5EF74}.Release|Any CPU.ActiveCfg = Release|Any CPU
		{1307DC4F-475A-4104-9115-417460D5EF74}.Release|Any CPU.Build.0 = Release|Any CPU
		{331BF4A4-49E6-412D-8401-4350BE0E659B}.Debug|Any CPU.ActiveCfg = Debug|Any CPU
		{331BF4A4-49E6-412D-8401-4350BE0E659B}.Debug|Any CPU.Build.0 = Debug|Any CPU
		{331BF4A4-49E6-412D-8401-4350BE0E659B}.Release|Any CPU.ActiveCfg = Release|Any CPU
		{331BF4A4-49E6-412D-8401-4350BE0E659B}.Release|Any CPU.Build.0 = Release|Any CPU
		{A7C96775-4F75-7727-3423-146BB3BE21D9}.Debug|Any CPU.ActiveCfg = Debug|Any CPU
		{A7C96775-4F75-7727-3423-146BB3BE21D9}.Debug|Any CPU.Build.0 = Debug|Any CPU
		{A7C96775-4F75-7727-3423-146BB3BE21D9}.Release|Any CPU.ActiveCfg = Release|Any CPU
		{A7C96775-4F75-7727-3423-146BB3BE21D9}.Release|Any CPU.Build.0 = Release|Any CPU
		{FE8B0E02-F83D-4B98-8495-B81D12988CAB}.Debug|Any CPU.ActiveCfg = Debug|Any CPU
		{FE8B0E02-F83D-4B98-8495-B81D12988CAB}.Debug|Any CPU.Build.0 = Debug|Any CPU
		{FE8B0E02-F83D-4B98-8495-B81D12988CAB}.Release|Any CPU.ActiveCfg = Release|Any CPU
		{FE8B0E02-F83D-4B98-8495-B81D12988CAB}.Release|Any CPU.Build.0 = Release|Any CPU
		{FF61BD4E-1C82-47EA-953C-DA576F6D3DF8}.Debug|Any CPU.ActiveCfg = Debug|Any CPU
		{FF61BD4E-1C82-47EA-953C-DA576F6D3DF8}.Debug|Any CPU.Build.0 = Debug|Any CPU
		{FF61BD4E-1C82-47EA-953C-DA576F6D3DF8}.Release|Any CPU.ActiveCfg = Release|Any CPU
		{FF61BD4E-1C82-47EA-953C-DA576F6D3DF8}.Release|Any CPU.Build.0 = Release|Any CPU
		{AB035A9C-8DE3-4B26-A889-9C9717A9E8F9}.Debug|Any CPU.ActiveCfg = Debug|Any CPU
		{AB035A9C-8DE3-4B26-A889-9C9717A9E8F9}.Debug|Any CPU.Build.0 = Debug|Any CPU
		{AB035A9C-8DE3-4B26-A889-9C9717A9E8F9}.Release|Any CPU.ActiveCfg = Release|Any CPU
		{AB035A9C-8DE3-4B26-A889-9C9717A9E8F9}.Release|Any CPU.Build.0 = Release|Any CPU
		{11B2B207-FE33-4EFF-10A5-40D27BE7A5C0}.Debug|Any CPU.ActiveCfg = Debug|Any CPU
		{11B2B207-FE33-4EFF-10A5-40D27BE7A5C0}.Debug|Any CPU.Build.0 = Debug|Any CPU
		{11B2B207-FE33-4EFF-10A5-40D27BE7A5C0}.Release|Any CPU.ActiveCfg = Release|Any CPU
		{11B2B207-FE33-4EFF-10A5-40D27BE7A5C0}.Release|Any CPU.Build.0 = Release|Any CPU
		{08D09032-DFDD-CFDB-004D-5F86161B2265}.Debug|Any CPU.ActiveCfg = Debug|Any CPU
		{08D09032-DFDD-CFDB-004D-5F86161B2265}.Debug|Any CPU.Build.0 = Debug|Any CPU
		{08D09032-DFDD-CFDB-004D-5F86161B2265}.Release|Any CPU.ActiveCfg = Release|Any CPU
		{08D09032-DFDD-CFDB-004D-5F86161B2265}.Release|Any CPU.Build.0 = Release|Any CPU
	EndGlobalSection
	GlobalSection(SolutionProperties) = preSolution
		HideSolutionNode = FALSE
	EndGlobalSection
	GlobalSection(NestedProjects) = preSolution
		{2E597DA2-D30D-4B90-BA5A-B73A72BE8C95} = {02D6BFE7-D385-4B30-BBE0-FBBD72F2057D}
		{1AC165A6-EA36-4C1D-AE7D-5323AF69BB8F} = {02D6BFE7-D385-4B30-BBE0-FBBD72F2057D}
		{0F0B98EE-12A0-4AAE-9ED1-3A88541CFE0B} = {02D6BFE7-D385-4B30-BBE0-FBBD72F2057D}
		{81FEC835-A378-4922-B60D-A2372A72EE41} = {02D6BFE7-D385-4B30-BBE0-FBBD72F2057D}
		{AB035A9C-8DE3-4B26-A889-9C9717A9E8F9} = {02D6BFE7-D385-4B30-BBE0-FBBD72F2057D}
	EndGlobalSection
	GlobalSection(ExtensibilityGlobals) = postSolution
		SolutionGuid = {9F197C85-B50D-4976-B5CF-27A0FBB5023F}
	EndGlobalSection
EndGlobal
