
Microsoft Visual Studio Solution File, Format Version 12.00
# Visual Studio Version 18
VisualStudioVersion = 18.0.11205.157
MinimumVisualStudioVersion = 10.0.40219.1
Project("{9A19103F-16F7-4668-BE54-9A1E7A4F7556}") = "Hiperspace.Rocks", "Hiperspace.Rocks\Hiperspace.Rocks.csproj", "{F2503D4E-F599-4980-9F06-40ABD358C810}"
EndProject
Project("{9A19103F-16F7-4668-BE54-9A1E7A4F7556}") = "Hiperspace.Heap", "Hiperspace.Heap\Hiperspace.Heap.csproj", "{5A45078D-AF5F-4B67-A4E1-66095C9F7791}"
EndProject
Project("{9A19103F-16F7-4668-BE54-9A1E7A4F7556}") = "Hiperspace", "Hiperspace\Hiperspace.csproj", "{C5E1C6F5-9A30-4440-84D7-E23F95E26E97}"
EndProject
Project("{2150E333-8FDC-42A3-9474-1A3956D46DE8}") = "Solution Items", "Solution Items", "{EFD1DEC6-B228-4C04-B86E-E7364A0FB894}"
	ProjectSection(SolutionItems) = preProject
		.gitignore = .gitignore
		20250701.md = 20250701.md
		20250710.md = 20250710.md
		20250728.md = 20250728.md
		20250807.md = 20250807.md
		20250923.md = 20250923.md
		20251020.md = 20251020.md
		20251023.md = 20251023.md
		20251106.md = 20251106.md
		20251115.md = 20251115.md
		20251124.md = 20251124.md
		20251203.md = 20251203.md
		20251210.md = 20251210.md
		20251221.md = 20251221.md
		20251231.md = 20251231.md
		20260117.md = 20260117.md
		20260130.md = 20260130.md
		Directory.Packages.props = Directory.Packages.props
		Hiper.png = Hiper.png
		version.json = version.json
	EndProjectSection
EndProject
Project("{2150E333-8FDC-42A3-9474-1A3956D46DE8}") = "Test", "Test", "{02911B07-B72B-463C-BAE0-6E85E5DBA44C}"
EndProject
Global
	GlobalSection(SolutionConfigurationPlatforms) = preSolution
		Debug|Any CPU = Debug|Any CPU
		Debug|arm64 = Debug|arm64
		Debug|x86 = Debug|x86
		Release|Any CPU = Release|Any CPU
		Release|arm64 = Release|arm64
		Release|x86 = Release|x86
	EndGlobalSection
	GlobalSection(ProjectConfigurationPlatforms) = postSolution
		{F2503D4E-F599-4980-9F06-40ABD358C810}.Debug|Any CPU.ActiveCfg = Debug|Any CPU
		{F2503D4E-F599-4980-9F06-40ABD358C810}.Debug|Any CPU.Build.0 = Debug|Any CPU
		{F2503D4E-F599-4980-9F06-40ABD358C810}.Debug|arm64.ActiveCfg = Debug|Any CPU
		{F2503D4E-F599-4980-9F06-40ABD358C810}.Debug|arm64.Build.0 = Debug|Any CPU
		{F2503D4E-F599-4980-9F06-40ABD358C810}.Debug|x86.ActiveCfg = Debug|Any CPU
		{F2503D4E-F599-4980-9F06-40ABD358C810}.Debug|x86.Build.0 = Debug|Any CPU
		{F2503D4E-F599-4980-9F06-40ABD358C810}.Release|Any CPU.ActiveCfg = Release|Any CPU
		{F2503D4E-F599-4980-9F06-40ABD358C810}.Release|Any CPU.Build.0 = Release|Any CPU
		{F2503D4E-F599-4980-9F06-40ABD358C810}.Release|arm64.ActiveCfg = Release|Any CPU
		{F2503D4E-F599-4980-9F06-40ABD358C810}.Release|arm64.Build.0 = Release|Any CPU
		{F2503D4E-F599-4980-9F06-40ABD358C810}.Release|x86.ActiveCfg = Release|Any CPU
		{F2503D4E-F599-4980-9F06-40ABD358C810}.Release|x86.Build.0 = Release|Any CPU
		{5A45078D-AF5F-4B67-A4E1-66095C9F7791}.Debug|Any CPU.ActiveCfg = Debug|Any CPU
		{5A45078D-AF5F-4B67-A4E1-66095C9F7791}.Debug|Any CPU.Build.0 = Debug|Any CPU
		{5A45078D-AF5F-4B67-A4E1-66095C9F7791}.Debug|arm64.ActiveCfg = Debug|Any CPU
		{5A45078D-AF5F-4B67-A4E1-66095C9F7791}.Debug|arm64.Build.0 = Debug|Any CPU
		{5A45078D-AF5F-4B67-A4E1-66095C9F7791}.Debug|x86.ActiveCfg = Debug|Any CPU
		{5A45078D-AF5F-4B67-A4E1-66095C9F7791}.Debug|x86.Build.0 = Debug|Any CPU
		{5A45078D-AF5F-4B67-A4E1-66095C9F7791}.Release|Any CPU.ActiveCfg = Release|Any CPU
		{5A45078D-AF5F-4B67-A4E1-66095C9F7791}.Release|Any CPU.Build.0 = Release|Any CPU
		{5A45078D-AF5F-4B67-A4E1-66095C9F7791}.Release|arm64.ActiveCfg = Release|Any CPU
		{5A45078D-AF5F-4B67-A4E1-66095C9F7791}.Release|arm64.Build.0 = Release|Any CPU
		{5A45078D-AF5F-4B67-A4E1-66095C9F7791}.Release|x86.ActiveCfg = Release|Any CPU
		{5A45078D-AF5F-4B67-A4E1-66095C9F7791}.Release|x86.Build.0 = Release|Any CPU
		{C5E1C6F5-9A30-4440-84D7-E23F95E26E97}.Debug|Any CPU.ActiveCfg = Debug|Any CPU
		{C5E1C6F5-9A30-4440-84D7-E23F95E26E97}.Debug|Any CPU.Build.0 = Debug|Any CPU
		{C5E1C6F5-9A30-4440-84D7-E23F95E26E97}.Debug|arm64.ActiveCfg = Debug|Any CPU
		{C5E1C6F5-9A30-4440-84D7-E23F95E26E97}.Debug|arm64.Build.0 = Debug|Any CPU
		{C5E1C6F5-9A30-4440-84D7-E23F95E26E97}.Debug|x86.ActiveCfg = Debug|Any CPU
		{C5E1C6F5-9A30-4440-84D7-E23F95E26E97}.Debug|x86.Build.0 = Debug|Any CPU
		{C5E1C6F5-9A30-4440-84D7-E23F95E26E97}.Release|Any CPU.ActiveCfg = Release|Any CPU
		{C5E1C6F5-9A30-4440-84D7-E23F95E26E97}.Release|Any CPU.Build.0 = Release|Any CPU
		{C5E1C6F5-9A30-4440-84D7-E23F95E26E97}.Release|arm64.ActiveCfg = Release|Any CPU
		{C5E1C6F5-9A30-4440-84D7-E23F95E26E97}.Release|arm64.Build.0 = Release|Any CPU
		{C5E1C6F5-9A30-4440-84D7-E23F95E26E97}.Release|x86.ActiveCfg = Release|Any CPU
		{C5E1C6F5-9A30-4440-84D7-E23F95E26E97}.Release|x86.Build.0 = Release|Any CPU
	EndGlobalSection
	GlobalSection(SolutionProperties) = preSolution
		HideSolutionNode = FALSE
	EndGlobalSection
	GlobalSection(ExtensibilityGlobals) = postSolution
		SolutionGuid = {69BE617B-6D24-4713-8AEA-B51659627074}
	EndGlobalSection
EndGlobal
