
Microsoft Visual Studio Solution File, Format Version 12.00
# Visual Studio Version 17
VisualStudioVersion = 17.11.35327.3
MinimumVisualStudioVersion = 10.0.40219.1
Project("{6EC3EE1D-3C4E-46DD-8F32-0CC8E7565705}") = "sqllinq", "sqllinq.fsproj", "{3BFDF7BA-2DDF-484B-AAA8-B072FF6EC4B8}"
EndProject
Project("{9A19103F-16F7-4668-BE54-9A1E7A4F7556}") = "Hiperspace.Sparx", "..\Hiperspace.Sparx\Hiperspace.Sparx.csproj", "{DED804E9-E38B-4E2A-9906-015CC6BBAA83}"
EndProject
Project("{6EC3EE1D-3C4E-46DD-8F32-0CC8E7565705}") = "sqllinq.test", "..\sqllinq.test\sqllinq.test.fsproj", "{2614DC74-3B6E-49BE-A906-5C4A1113946E}"
EndProject
Project("{6EC3EE1D-3C4E-46DD-8F32-0CC8E7565705}") = "Hiperspace.SQL", "..\..\..\Hiperspace\Hiperspace.SQL\Hiperspace.SQL.fsproj", "{B45DBFEA-EDBE-4CF3-8E60-8BBD1CC1C198}"
EndProject
Project("{9A19103F-16F7-4668-BE54-9A1E7A4F7556}") = "Hiperspace", "..\..\src\Hiperspace\Hiperspace.csproj", "{09EF8D45-E0B3-4A2F-87DF-45C89777DEA8}"
EndProject
Project("{9A19103F-16F7-4668-BE54-9A1E7A4F7556}") = "Hiperspace.Rocks", "..\..\src\Hiperspace.Rocks\Hiperspace.Rocks.csproj", "{78C7AA8A-5B3D-406F-8ABF-990E67194AA4}"
EndProject
Global
	GlobalSection(SolutionConfigurationPlatforms) = preSolution
		Debug|Any CPU = Debug|Any CPU
		Release|Any CPU = Release|Any CPU
	EndGlobalSection
	GlobalSection(ProjectConfigurationPlatforms) = postSolution
		{3BFDF7BA-2DDF-484B-AAA8-B072FF6EC4B8}.Debug|Any CPU.ActiveCfg = Debug|Any CPU
		{3BFDF7BA-2DDF-484B-AAA8-B072FF6EC4B8}.Debug|Any CPU.Build.0 = Debug|Any CPU
		{3BFDF7BA-2DDF-484B-AAA8-B072FF6EC4B8}.Release|Any CPU.ActiveCfg = Release|Any CPU
		{3BFDF7BA-2DDF-484B-AAA8-B072FF6EC4B8}.Release|Any CPU.Build.0 = Release|Any CPU
		{DED804E9-E38B-4E2A-9906-015CC6BBAA83}.Debug|Any CPU.ActiveCfg = Debug|Any CPU
		{DED804E9-E38B-4E2A-9906-015CC6BBAA83}.Debug|Any CPU.Build.0 = Debug|Any CPU
		{DED804E9-E38B-4E2A-9906-015CC6BBAA83}.Release|Any CPU.ActiveCfg = Release|Any CPU
		{DED804E9-E38B-4E2A-9906-015CC6BBAA83}.Release|Any CPU.Build.0 = Release|Any CPU
		{2614DC74-3B6E-49BE-A906-5C4A1113946E}.Debug|Any CPU.ActiveCfg = Debug|Any CPU
		{2614DC74-3B6E-49BE-A906-5C4A1113946E}.Debug|Any CPU.Build.0 = Debug|Any CPU
		{2614DC74-3B6E-49BE-A906-5C4A1113946E}.Release|Any CPU.ActiveCfg = Release|Any CPU
		{2614DC74-3B6E-49BE-A906-5C4A1113946E}.Release|Any CPU.Build.0 = Release|Any CPU
		{B45DBFEA-EDBE-4CF3-8E60-8BBD1CC1C198}.Debug|Any CPU.ActiveCfg = Debug|Any CPU
		{B45DBFEA-EDBE-4CF3-8E60-8BBD1CC1C198}.Debug|Any CPU.Build.0 = Debug|Any CPU
		{B45DBFEA-EDBE-4CF3-8E60-8BBD1CC1C198}.Release|Any CPU.ActiveCfg = Release|Any CPU
		{B45DBFEA-EDBE-4CF3-8E60-8BBD1CC1C198}.Release|Any CPU.Build.0 = Release|Any CPU
		{09EF8D45-E0B3-4A2F-87DF-45C89777DEA8}.Debug|Any CPU.ActiveCfg = Debug|Any CPU
		{09EF8D45-E0B3-4A2F-87DF-45C89777DEA8}.Debug|Any CPU.Build.0 = Debug|Any CPU
		{09EF8D45-E0B3-4A2F-87DF-45C89777DEA8}.Release|Any CPU.ActiveCfg = Release|Any CPU
		{09EF8D45-E0B3-4A2F-87DF-45C89777DEA8}.Release|Any CPU.Build.0 = Release|Any CPU
		{78C7AA8A-5B3D-406F-8ABF-990E67194AA4}.Debug|Any CPU.ActiveCfg = Debug|Any CPU
		{78C7AA8A-5B3D-406F-8ABF-990E67194AA4}.Debug|Any CPU.Build.0 = Debug|Any CPU
		{78C7AA8A-5B3D-406F-8ABF-990E67194AA4}.Release|Any CPU.ActiveCfg = Release|Any CPU
		{78C7AA8A-5B3D-406F-8ABF-990E67194AA4}.Release|Any CPU.Build.0 = Release|Any CPU
	EndGlobalSection
	GlobalSection(SolutionProperties) = preSolution
		HideSolutionNode = FALSE
	EndGlobalSection
	GlobalSection(ExtensibilityGlobals) = postSolution
		SolutionGuid = {77AF7841-086D-4D4D-8D4D-13C3EECC5253}
	EndGlobalSection
EndGlobal
